# Pinned plugins for Neovim 0.12 (same set and commits as Derrekito/nvim).
# Installed by install-plugins.sh; lua/config/plugins.lua runs their setup.
# name  repo  commit  start|opt  # why this pin
99                         ThePrimeagen/99                            c17422457027c913c76c75a921fca1e623d2678e  start  # master branch, same commit as Derrekito/nvim's lazy-lock
aerial.nvim                stevearc/aerial.nvim                       28fe6e822ae344544c379d60fcb13c9519a1f08a  start  # master branch, same commit as Derrekito/nvim's lazy-lock
bullets.vim                bullets-vim/bullets.vim                    81570b98ca44b4100b3ddcf8d9ca74b9a9b0c884  start  # master branch, same commit as Derrekito/nvim's lazy-lock
cloak.nvim                 laytan/cloak.nvim                          648aca6d33ec011dc3166e7af3b38820d01a71e4  start  # main branch, same commit as Derrekito/nvim's lazy-lock
cmp-buffer                 hrsh7th/cmp-buffer                         b74fab3656eea9de20a9b8116afa3cfc4ec09657  start  # main branch, same commit as Derrekito/nvim's lazy-lock
cmp-cmdline                hrsh7th/cmp-cmdline                        d126061b624e0af6c3a556428712dd4d4194ec6d  start  # main branch, same commit as Derrekito/nvim's lazy-lock
cmp-nvim-lsp               hrsh7th/cmp-nvim-lsp                       cbc7b02bb99fae35cb42f514762b89b5126651ef  start  # main branch, same commit as Derrekito/nvim's lazy-lock
cmp-path                   hrsh7th/cmp-path                           c642487086dbd9a93160e1679a1327be111cbc25  start  # main branch, same commit as Derrekito/nvim's lazy-lock
cmp_luasnip                saadparwaiz1/cmp_luasnip                   98d9cb5c2c38532bd9bdb481067b20fea8f32e90  start  # master branch, same commit as Derrekito/nvim's lazy-lock
conform.nvim               stevearc/conform.nvim                      016802de402556da54c36bd7359b441266b01cdd  start  # master branch, same commit as Derrekito/nvim's lazy-lock
dap-ui                     rcarriga/nvim-dap-ui                       cc9dd33aade7f20bae414d0cba163bc60d4d4b43  start  # master branch, same commit as Derrekito/nvim's lazy-lock
devdocs.nvim               Derrekito/devdocs.nvim                     ac008260a1a724db63adfc7d75c03e35c8bc2fd1  start  # current main (local checkout, if any, is used instead)
diagnostic-picker.nvim     Derrekito/diagnostic-picker.nvim           922a034e38a9d7707aedd3512749c2f4450866d6  start  # current main (local checkout, if any, is used instead)
friendly-snippets          rafamadriz/friendly-snippets               b4d01b0fdf3c9a549961c2f9ffe8dc09be166219  start  # main branch, same commit as Derrekito/nvim's lazy-lock
fugitive                   tpope/vim-fugitive                         3b753cf8c6a4dcde6edee8827d464ba9b8c4a6f0  start  # master branch, same commit as Derrekito/nvim's lazy-lock
harpoon                    ThePrimeagen/harpoon                       87b1a3506211538f460786c23f98ec63ad9af4e5  start  # harpoon2 branch, same commit as Derrekito/nvim's lazy-lock
img-clip.nvim              HakonHarnes/img-clip.nvim                  99848daf801789dbebe2192b475eb887d375002c  start  # main branch, same commit as Derrekito/nvim's lazy-lock
lazydev.nvim               folke/lazydev.nvim                         ff2cbcba459b637ec3fd165a2be59b7bbaeedf0d  start  # main branch, same commit as Derrekito/nvim's lazy-lock
leetcode.nvim              kawre/leetcode.nvim                        4e8b3683940a8377379ce9398e7f329e3560b42c  start  # master branch, same commit as Derrekito/nvim's lazy-lock
LuaSnip                    L3MON4D3/LuaSnip                           0abc8f390b278c3b4aabc4c004ac8a088b65cf24  start  # master branch, same commit as Derrekito/nvim's lazy-lock
mason-lspconfig.nvim       williamboman/mason-lspconfig.nvim          b3298993d55fa194279b5eb9dbfb3a43da65cadf  start  # main branch, same commit as Derrekito/nvim's lazy-lock
mason.nvim                 williamboman/mason.nvim                    2a6940af80375532e5e9e7c1f2fc6319a1b7a69d  start  # main branch, same commit as Derrekito/nvim's lazy-lock
neotest                    nvim-neotest/neotest                       27bf921498043f7ecd821d6db68d05de244bbd02  start  # master branch, same commit as Derrekito/nvim's lazy-lock
neotest-python             nvim-neotest/neotest-python                1b56ca4ba51c6014f986d6548ee629bdc95589d1  start  # master branch, same commit as Derrekito/nvim's lazy-lock
neovim                     rose-pine/neovim                           ff483051a47e27d84bdef47703538df1ed9f4a47  start  # main branch, same commit as Derrekito/nvim's lazy-lock
nui.nvim                   MunifTanjim/nui.nvim                       10fc361835c856ba4233ef5ea135b919bf3dce97  start  # main branch, same commit as Derrekito/nvim's lazy-lock
nvim-autopairs             windwp/nvim-autopairs                      430522f95fe4fb7c511ec64f8c1a90cc6a66c05c  start  # master branch, same commit as Derrekito/nvim's lazy-lock
nvim-cmp                   hrsh7th/nvim-cmp                           2ffe79f1f021def8dd1fcd81deb16f1bb0d989f3  start  # main branch, same commit as Derrekito/nvim's lazy-lock
nvim-dap                   mfussenegger/nvim-dap                      cfa2d58f4537aca6ca83e2de1a0d9f1491121264  start  # master branch, same commit as Derrekito/nvim's lazy-lock
nvim-lint                  mfussenegger/nvim-lint                     3d55c8f67c6ae5c15e1042571e107c7a3d5c5f4e  start  # master branch, same commit as Derrekito/nvim's lazy-lock
nvim-lspconfig             neovim/nvim-lspconfig                      3e8d598d3b5f8338a41699c436e5fa11d2666cf0  start  # master branch, same commit as Derrekito/nvim's lazy-lock
nvim-nio                   nvim-neotest/nvim-nio                      edcc181a875301dd21840189aa2f2f9ad69fc172  start  # master branch, same commit as Derrekito/nvim's lazy-lock
nvim-tree.lua              nvim-tree/nvim-tree.lua                    531b807b8f0d6f75016a0ee1e0cd5ce2086e9d95  start  # master branch, same commit as Derrekito/nvim's lazy-lock
nvim-treesitter            nvim-treesitter/nvim-treesitter            910fdf6f49e9dee7e7257c7d11a76b040fdfb9de  start  # main branch, same commit as Derrekito/nvim's lazy-lock
nvim-type-anim             Derrekito/nvim-type-anim                   a83cc5fcbe092fa606dd0cc611fc0d5c6872cfb6  start  # master branch, same commit as Derrekito/nvim's lazy-lock
nvim-web-devicons          nvim-tree/nvim-web-devicons                58447c1fca354bbf184425e4a8d01deecbd6f3c4  start  # master branch, same commit as Derrekito/nvim's lazy-lock
obsidian.nvim              obsidian-nvim/obsidian.nvim                1212014bb22a1f44a655e8e706659892b8e43e59  start  # main branch, same commit as Derrekito/nvim's lazy-lock
plenary.nvim               nvim-lua/plenary.nvim                      74b06c6c75e4eeb3108ec01852001636d85a932b  start  # master branch, same commit as Derrekito/nvim's lazy-lock
render-markdown.nvim       MeanderingProgrammer/render-markdown.nvim  640a3ec6d538bad17c328be373c7cad0293d9589  start  # main branch, same commit as Derrekito/nvim's lazy-lock
snacks.nvim                folke/snacks.nvim                          882c996cf28183f4d63640de0b4c02ec886d01f2  start  # main branch, same commit as Derrekito/nvim's lazy-lock
telescope-fzf-native.nvim  nvim-telescope/telescope-fzf-native.nvim   b25b749b9db64d375d782094e2b9dce53ad53a40  start  # main branch, same commit as Derrekito/nvim's lazy-lock
telescope.nvim             nvim-telescope/telescope.nvim              40aedd8a68c78a656a10a8d62d80c54af59420fb  start  # master branch, same commit as Derrekito/nvim's lazy-lock
tree-sitter-manager.nvim   romus204/tree-sitter-manager.nvim          d93782393d7d4b48ddbdbcb0fdff6f8cb8d7043a  start  # main branch, same commit as Derrekito/nvim's lazy-lock
trouble.nvim               folke/trouble.nvim                         bd67efe408d4816e25e8491cc5ad4088e708a69a  start  # main branch, same commit as Derrekito/nvim's lazy-lock
vim-be-good                ThePrimeagen/vim-be-good                   0ae3de14eb8efc6effe7704b5e46495e91931cc5  start  # master branch, same commit as Derrekito/nvim's lazy-lock
vim-table-mode             dhruvasagar/vim-table-mode                 bb025308a45c67c7c8f0763ba37bc2ee3f534df0  start  # master branch, same commit as Derrekito/nvim's lazy-lock
vimtex                     lervag/vimtex                              16a5609d17a436db7f48046d91747fd6a9d75c74  start  # master branch, same commit as Derrekito/nvim's lazy-lock
zen-mode.nvim              folke/zen-mode.nvim                        8564ce6d29ec7554eb9df578efa882d33b3c23a7  start  # main branch, same commit as Derrekito/nvim's lazy-lock
